
Microsoft Visual Studio Solution File, Format Version 12.00
# Visual Studio Version 17
VisualStudioVersion = 17.6.33712.159
MinimumVisualStudioVersion = 10.0.40219.1
Project("{8BC9CEB8-8B4A-11D0-8D11-00A0C91BC942}") = "OOP", "OOP\OOP.vcxproj", "{5BD8AC1C-37E1-4875-9C3B-A5E26862B015}"
EndProject
Project("{8BC9CEB8-8B4A-11D0-8D11-00A0C91BC942}") = "Point2D", "Point2D\Point2D.vcxproj", "{555ACDB9-6CC0-4EDD-BE67-B8DCE7EE3AF6}"
EndProject
Project("{8BC9CEB8-8B4A-11D0-8D11-00A0C91BC942}") = "OOP2", "OOP2\OOP2.vcxproj", "{FFF885D7-0150-4E61-BD28-C32AC17A6FE8}"
EndProject
Project("{8BC9CEB8-8B4A-11D0-8D11-00A0C91BC942}") = "OOP3", "OOP3\OOP3.vcxproj", "{F2F924D6-F941-4708-8711-9FCC223ECE06}"
EndProject
Project("{8BC9CEB8-8B4A-11D0-8D11-00A0C91BC942}") = "OOP4", "OOP4\OOP4.vcxproj", "{12657096-4043-435C-A5F7-5BD6056FAC92}"
EndProject
Project("{8BC9CEB8-8B4A-11D0-8D11-00A0C91BC942}") = "OOP5", "OOP5\OOP5.vcxproj", "{83314C16-A34A-4E66-B380-2AEB25102B7A}"
EndProject
Project("{8BC9CEB8-8B4A-11D0-8D11-00A0C91BC942}") = "OOP4_1", "OOP4_1\OOP4_1.vcxproj", "{B62C90F8-E2C8-46CC-BB96-77CC8D50049B}"
EndProject
Project("{8BC9CEB8-8B4A-11D0-8D11-00A0C91BC942}") = "OOP5_1", "OOP5_1\OOP5_1.vcxproj", "{7D6B2062-C579-4DC3-B6B8-F07651B83324}"
EndProject
Project("{8BC9CEB8-8B4A-11D0-8D11-00A0C91BC942}") = "OOP5_2", "OOP5_2\OOP5_2.vcxproj", "{7483F2F4-D3F9-4010-BC1F-2699BB74576A}"
EndProject
Project("{8BC9CEB8-8B4A-11D0-8D11-00A0C91BC942}") = "Point2D_1", "Point2D_1\Point2D_1.vcxproj", "{F8A1F7E2-1514-41B8-BA7C-8F3A9F0336A0}"
EndProject
Global
	GlobalSection(SolutionConfigurationPlatforms) = preSolution
		Debug|x64 = Debug|x64
		Debug|x86 = Debug|x86
		Release|x64 = Release|x64
		Release|x86 = Release|x86
	EndGlobalSection
	GlobalSection(ProjectConfigurationPlatforms) = postSolution
		{5BD8AC1C-37E1-4875-9C3B-A5E26862B015}.Debug|x64.ActiveCfg = Debug|x64
		{5BD8AC1C-37E1-4875-9C3B-A5E26862B015}.Debug|x64.Build.0 = Debug|x64
		{5BD8AC1C-37E1-4875-9C3B-A5E26862B015}.Debug|x86.ActiveCfg = Debug|Win32
		{5BD8AC1C-37E1-4875-9C3B-A5E26862B015}.Debug|x86.Build.0 = Debug|Win32
		{5BD8AC1C-37E1-4875-9C3B-A5E26862B015}.Release|x64.ActiveCfg = Release|x64
		{5BD8AC1C-37E1-4875-9C3B-A5E26862B015}.Release|x64.Build.0 = Release|x64
		{5BD8AC1C-37E1-4875-9C3B-A5E26862B015}.Release|x86.ActiveCfg = Release|Win32
		{5BD8AC1C-37E1-4875-9C3B-A5E26862B015}.Release|x86.Build.0 = Release|Win32
		{555ACDB9-6CC0-4EDD-BE67-B8DCE7EE3AF6}.Debug|x64.ActiveCfg = Debug|x64
		{555ACDB9-6CC0-4EDD-BE67-B8DCE7EE3AF6}.Debug|x64.Build.0 = Debug|x64
		{555ACDB9-6CC0-4EDD-BE67-B8DCE7EE3AF6}.Debug|x86.ActiveCfg = Debug|Win32
		{555ACDB9-6CC0-4EDD-BE67-B8DCE7EE3AF6}.Debug|x86.Build.0 = Debug|Win32
		{555ACDB9-6CC0-4EDD-BE67-B8DCE7EE3AF6}.Release|x64.ActiveCfg = Release|x64
		{555ACDB9-6CC0-4EDD-BE67-B8DCE7EE3AF6}.Release|x64.Build.0 = Release|x64
		{555ACDB9-6CC0-4EDD-BE67-B8DCE7EE3AF6}.Release|x86.ActiveCfg = Release|Win32
		{555ACDB9-6CC0-4EDD-BE67-B8DCE7EE3AF6}.Release|x86.Build.0 = Release|Win32
		{FFF885D7-0150-4E61-BD28-C32AC17A6FE8}.Debug|x64.ActiveCfg = Debug|x64
		{FFF885D7-0150-4E61-BD28-C32AC17A6FE8}.Debug|x64.Build.0 = Debug|x64
		{FFF885D7-0150-4E61-BD28-C32AC17A6FE8}.Debug|x86.ActiveCfg = Debug|Win32
		{FFF885D7-0150-4E61-BD28-C32AC17A6FE8}.Debug|x86.Build.0 = Debug|Win32
		{FFF885D7-0150-4E61-BD28-C32AC17A6FE8}.Release|x64.ActiveCfg = Release|x64
		{FFF885D7-0150-4E61-BD28-C32AC17A6FE8}.Release|x64.Build.0 = Release|x64
		{FFF885D7-0150-4E61-BD28-C32AC17A6FE8}.Release|x86.ActiveCfg = Release|Win32
		{FFF885D7-0150-4E61-BD28-C32AC17A6FE8}.Release|x86.Build.0 = Release|Win32
		{F2F924D6-F941-4708-8711-9FCC223ECE06}.Debug|x64.ActiveCfg = Debug|x64
		{F2F924D6-F941-4708-8711-9FCC223ECE06}.Debug|x64.Build.0 = Debug|x64
		{F2F924D6-F941-4708-8711-9FCC223ECE06}.Debug|x86.ActiveCfg = Debug|Win32
		{F2F924D6-F941-4708-8711-9FCC223ECE06}.Debug|x86.Build.0 = Debug|Win32
		{F2F924D6-F941-4708-8711-9FCC223ECE06}.Release|x64.ActiveCfg = Release|x64
		{F2F924D6-F941-4708-8711-9FCC223ECE06}.Release|x64.Build.0 = Release|x64
		{F2F924D6-F941-4708-8711-9FCC223ECE06}.Release|x86.ActiveCfg = Release|Win32
		{F2F924D6-F941-4708-8711-9FCC223ECE06}.Release|x86.Build.0 = Release|Win32
		{12657096-4043-435C-A5F7-5BD6056FAC92}.Debug|x64.ActiveCfg = Debug|x64
		{12657096-4043-435C-A5F7-5BD6056FAC92}.Debug|x64.Build.0 = Debug|x64
		{12657096-4043-435C-A5F7-5BD6056FAC92}.Debug|x86.ActiveCfg = Debug|Win32
		{12657096-4043-435C-A5F7-5BD6056FAC92}.Debug|x86.Build.0 = Debug|Win32
		{12657096-4043-435C-A5F7-5BD6056FAC92}.Release|x64.ActiveCfg = Release|x64
		{12657096-4043-435C-A5F7-5BD6056FAC92}.Release|x64.Build.0 = Release|x64
		{12657096-4043-435C-A5F7-5BD6056FAC92}.Release|x86.ActiveCfg = Release|Win32
		{12657096-4043-435C-A5F7-5BD6056FAC92}.Release|x86.Build.0 = Release|Win32
		{83314C16-A34A-4E66-B380-2AEB25102B7A}.Debug|x64.ActiveCfg = Debug|x64
		{83314C16-A34A-4E66-B380-2AEB25102B7A}.Debug|x64.Build.0 = Debug|x64
		{83314C16-A34A-4E66-B380-2AEB25102B7A}.Debug|x86.ActiveCfg = Debug|Win32
		{83314C16-A34A-4E66-B380-2AEB25102B7A}.Debug|x86.Build.0 = Debug|Win32
		{83314C16-A34A-4E66-B380-2AEB25102B7A}.Release|x64.ActiveCfg = Release|x64
		{83314C16-A34A-4E66-B380-2AEB25102B7A}.Release|x64.Build.0 = Release|x64
		{83314C16-A34A-4E66-B380-2AEB25102B7A}.Release|x86.ActiveCfg = Release|Win32
		{83314C16-A34A-4E66-B380-2AEB25102B7A}.Release|x86.Build.0 = Release|Win32
		{B62C90F8-E2C8-46CC-BB96-77CC8D50049B}.Debug|x64.ActiveCfg = Debug|x64
		{B62C90F8-E2C8-46CC-BB96-77CC8D50049B}.Debug|x64.Build.0 = Debug|x64
		{B62C90F8-E2C8-46CC-BB96-77CC8D50049B}.Debug|x86.ActiveCfg = Debug|Win32
		{B62C90F8-E2C8-46CC-BB96-77CC8D50049B}.Debug|x86.Build.0 = Debug|Win32
		{B62C90F8-E2C8-46CC-BB96-77CC8D50049B}.Release|x64.ActiveCfg = Release|x64
		{B62C90F8-E2C8-46CC-BB96-77CC8D50049B}.Release|x64.Build.0 = Release|x64
		{B62C90F8-E2C8-46CC-BB96-77CC8D50049B}.Release|x86.ActiveCfg = Release|Win32
		{B62C90F8-E2C8-46CC-BB96-77CC8D50049B}.Release|x86.Build.0 = Release|Win32
		{7D6B2062-C579-4DC3-B6B8-F07651B83324}.Debug|x64.ActiveCfg = Debug|x64
		{7D6B2062-C579-4DC3-B6B8-F07651B83324}.Debug|x64.Build.0 = Debug|x64
		{7D6B2062-C579-4DC3-B6B8-F07651B83324}.Debug|x86.ActiveCfg = Debug|Win32
		{7D6B2062-C579-4DC3-B6B8-F07651B83324}.Debug|x86.Build.0 = Debug|Win32
		{7D6B2062-C579-4DC3-B6B8-F07651B83324}.Release|x64.ActiveCfg = Release|x64
		{7D6B2062-C579-4DC3-B6B8-F07651B83324}.Release|x64.Build.0 = Release|x64
		{7D6B2062-C579-4DC3-B6B8-F07651B83324}.Release|x86.ActiveCfg = Release|Win32
		{7D6B2062-C579-4DC3-B6B8-F07651B83324}.Release|x86.Build.0 = Release|Win32
		{7483F2F4-D3F9-4010-BC1F-2699BB74576A}.Debug|x64.ActiveCfg = Debug|x64
		{7483F2F4-D3F9-4010-BC1F-2699BB74576A}.Debug|x64.Build.0 = Debug|x64
		{7483F2F4-D3F9-4010-BC1F-2699BB74576A}.Debug|x86.ActiveCfg = Debug|Win32
		{7483F2F4-D3F9-4010-BC1F-2699BB74576A}.Debug|x86.Build.0 = Debug|Win32
		{7483F2F4-D3F9-4010-BC1F-2699BB74576A}.Release|x64.ActiveCfg = Release|x64
		{7483F2F4-D3F9-4010-BC1F-2699BB74576A}.Release|x64.Build.0 = Release|x64
		{7483F2F4-D3F9-4010-BC1F-2699BB74576A}.Release|x86.ActiveCfg = Release|Win32
		{7483F2F4-D3F9-4010-BC1F-2699BB74576A}.Release|x86.Build.0 = Release|Win32
		{F8A1F7E2-1514-41B8-BA7C-8F3A9F0336A0}.Debug|x64.ActiveCfg = Debug|x64
		{F8A1F7E2-1514-41B8-BA7C-8F3A9F0336A0}.Debug|x64.Build.0 = Debug|x64
		{F8A1F7E2-1514-41B8-BA7C-8F3A9F0336A0}.Debug|x86.ActiveCfg = Debug|Win32
		{F8A1F7E2-1514-41B8-BA7C-8F3A9F0336A0}.Debug|x86.Build.0 = Debug|Win32
		{F8A1F7E2-1514-41B8-BA7C-8F3A9F0336A0}.Release|x64.ActiveCfg = Release|x64
		{F8A1F7E2-1514-41B8-BA7C-8F3A9F0336A0}.Release|x64.Build.0 = Release|x64
		{F8A1F7E2-1514-41B8-BA7C-8F3A9F0336A0}.Release|x86.ActiveCfg = Release|Win32
		{F8A1F7E2-1514-41B8-BA7C-8F3A9F0336A0}.Release|x86.Build.0 = Release|Win32
	EndGlobalSection
	GlobalSection(SolutionProperties) = preSolution
		HideSolutionNode = FALSE
	EndGlobalSection
	GlobalSection(ExtensibilityGlobals) = postSolution
		SolutionGuid = {01B2F5E7-EB26-4675-963B-758EC1503CB4}
	EndGlobalSection
EndGlobal
